
Microsoft Visual Studio Solution File, Format Version 12.00
# Visual Studio Version 16
VisualStudioVersion = 16.0.31613.86
MinimumVisualStudioVersion = 10.0.40219.1
Project("{FAE04EC0-301F-11D3-BF4B-00C04F79EFBC}") = "Forum", "Forum\Forum.csproj", "{0D404753-E586-4366-989C-E155B512FC4D}"
EndProject
Global
	GlobalSection(SolutionConfigurationPlatforms) = preSolution
		Debug|Any CPU = Debug|Any CPU
		Release|Any CPU = Release|Any CPU
	EndGlobalSection
	GlobalSection(ProjectConfigurationPlatforms) = postSolution
		{0D404753-E586-4366-989C-E155B512FC4D}.Debug|Any CPU.ActiveCfg = Debug|Any CPU
		{0D404753-E586-4366-989C-E155B512FC4D}.Debug|Any CPU.Build.0 = Debug|Any CPU
		{0D404753-E586-4366-989C-E155B512FC4D}.Release|Any CPU.ActiveCfg = Release|Any CPU
		{0D404753-E586-4366-989C-E155B512FC4D}.Release|Any CPU.Build.0 = Release|Any CPU
	EndGlobalSection
	GlobalSection(SolutionProperties) = preSolution
		HideSolutionNode = FALSE
	EndGlobalSection
	GlobalSection(ExtensibilityGlobals) = postSolution
		SolutionGuid = {67602AE4-C50E-47CA-88D6-D0E44242C33F}
	EndGlobalSection
EndGlobal
